
Microsoft Visual Studio Solution File, Format Version 12.00
# Visual Studio Version 16
VisualStudioVersion = 16.0.29905.134
MinimumVisualStudioVersion = 10.0.40219.1
Project("{FAE04EC0-301F-11D3-BF4B-00C04F79EFBC}") = "restpdf.io", "restpdf.io\restpdf.io.csproj", "{0F1C44BC-AC7B-4759-B710-41B360670EAD}"
EndProject
Global
	GlobalSection(SolutionConfigurationPlatforms) = preSolution
		Debug|Any CPU = Debug|Any CPU
		Release|Any CPU = Release|Any CPU
	EndGlobalSection
	GlobalSection(ProjectConfigurationPlatforms) = postSolution
		{0F1C44BC-AC7B-4759-B710-41B360670EAD}.Debug|Any CPU.ActiveCfg = Debug|Any CPU
		{0F1C44BC-AC7B-4759-B710-41B360670EAD}.Debug|Any CPU.Build.0 = Debug|Any CPU
		{0F1C44BC-AC7B-4759-B710-41B360670EAD}.Release|Any CPU.ActiveCfg = Release|Any CPU
		{0F1C44BC-AC7B-4759-B710-41B360670EAD}.Release|Any CPU.Build.0 = Release|Any CPU
	EndGlobalSection
	GlobalSection(SolutionProperties) = preSolution
		HideSolutionNode = FALSE
	EndGlobalSection
	GlobalSection(ExtensibilityGlobals) = postSolution
		SolutionGuid = {10A567D6-28F0-4901-82AB-7BC407CA6274}
	EndGlobalSection
EndGlobal
